
Microsoft Visual Studio Solution File, Format Version 12.00
# Visual Studio Version 16
VisualStudioVersion = 16.0.30204.135
MinimumVisualStudioVersion = 10.0.40219.1
Project("{FAE04EC0-301F-11D3-BF4B-00C04F79EFBC}") = "多设备放电检测测试仪", "多设备放电检测测试仪.csproj", "{5ABD5B5A-5138-46E0-BC95-BFD66E14AD7B}"
EndProject
Global
	GlobalSection(SolutionConfigurationPlatforms) = preSolution
		Debug|Any CPU = Debug|Any CPU
		Release|Any CPU = Release|Any CPU
	EndGlobalSection
	GlobalSection(ProjectConfigurationPlatforms) = postSolution
		{5ABD5B5A-5138-46E0-BC95-BFD66E14AD7B}.Debug|Any CPU.ActiveCfg = Debug|Any CPU
		{5ABD5B5A-5138-46E0-BC95-BFD66E14AD7B}.Debug|Any CPU.Build.0 = Debug|Any CPU
		{5ABD5B5A-5138-46E0-BC95-BFD66E14AD7B}.Release|Any CPU.ActiveCfg = Release|Any CPU
		{5ABD5B5A-5138-46E0-BC95-BFD66E14AD7B}.Release|Any CPU.Build.0 = Release|Any CPU
	EndGlobalSection
	GlobalSection(SolutionProperties) = preSolution
		HideSolutionNode = FALSE
	EndGlobalSection
	GlobalSection(ExtensibilityGlobals) = postSolution
		SolutionGuid = {9BD7E005-4413-4242-AABA-794EABB24B19}
	EndGlobalSection
EndGlobal
